
Microsoft Visual Studio Solution File, Format Version 12.00
# Visual Studio 15
VisualStudioVersion = 15.0.28010.2046
MinimumVisualStudioVersion = 10.0.40219.1
Project("{9A19103F-16F7-4668-BE54-9A1E7A4F7556}") = "Solid-PodCast", "Solid-PodCast.csproj", "{DAB7F3E4-BC1A-4D35-BD9F-DE4B727E3319}"
EndProject
Global
	GlobalSection(SolutionConfigurationPlatforms) = preSolution
		Debug|Any CPU = Debug|Any CPU
		Release|Any CPU = Release|Any CPU
	EndGlobalSection
	GlobalSection(ProjectConfigurationPlatforms) = postSolution
		{DAB7F3E4-BC1A-4D35-BD9F-DE4B727E3319}.Debug|Any CPU.ActiveCfg = Debug|Any CPU
		{DAB7F3E4-BC1A-4D35-BD9F-DE4B727E3319}.Debug|Any CPU.Build.0 = Debug|Any CPU
		{DAB7F3E4-BC1A-4D35-BD9F-DE4B727E3319}.Release|Any CPU.ActiveCfg = Release|Any CPU
		{DAB7F3E4-BC1A-4D35-BD9F-DE4B727E3319}.Release|Any CPU.Build.0 = Release|Any CPU
	EndGlobalSection
	GlobalSection(SolutionProperties) = preSolution
		HideSolutionNode = FALSE
	EndGlobalSection
	GlobalSection(ExtensibilityGlobals) = postSolution
		SolutionGuid = {3EC1712E-7D00-45EF-8E77-F62D8C626992}
	EndGlobalSection
EndGlobal
